
Microsoft Visual Studio Solution File, Format Version 12.00
# Visual Studio Version 17
VisualStudioVersion = 17.9.34622.214
MinimumVisualStudioVersion = 10.0.40219.1
Project("{FAE04EC0-301F-11D3-BF4B-00C04F79EFBC}") = "WebApplication1", "WebApplication1.csproj", "{1EDA7118-4CE4-4BF2-82DE-3CACF1323634}"
EndProject
Global
	GlobalSection(SolutionConfigurationPlatforms) = preSolution
		Debug|Any CPU = Debug|Any CPU
		Release|Any CPU = Release|Any CPU
	EndGlobalSection
	GlobalSection(ProjectConfigurationPlatforms) = postSolution
		{1EDA7118-4CE4-4BF2-82DE-3CACF1323634}.Debug|Any CPU.ActiveCfg = Debug|Any CPU
		{1EDA7118-4CE4-4BF2-82DE-3CACF1323634}.Debug|Any CPU.Build.0 = Debug|Any CPU
		{1EDA7118-4CE4-4BF2-82DE-3CACF1323634}.Release|Any CPU.ActiveCfg = Release|Any CPU
		{1EDA7118-4CE4-4BF2-82DE-3CACF1323634}.Release|Any CPU.Build.0 = Release|Any CPU
	EndGlobalSection
	GlobalSection(SolutionProperties) = preSolution
		HideSolutionNode = FALSE
	EndGlobalSection
	GlobalSection(ExtensibilityGlobals) = postSolution
		SolutionGuid = {D6F22F7E-E49F-48D7-A740-D01A7C116D89}
	EndGlobalSection
EndGlobal
