
Microsoft Visual Studio Solution File, Format Version 12.00
# Visual Studio Version 17
VisualStudioVersion = 17.9.34622.214
MinimumVisualStudioVersion = 10.0.40219.1
Project("{FAE04EC0-301F-11D3-BF4B-00C04F79EFBC}") = "JokeWebApp", "JokeWebApp.csproj", "{6DE71AC9-48EA-4260-A9C7-C02A06EBBE83}"
EndProject
Global
	GlobalSection(SolutionConfigurationPlatforms) = preSolution
		Debug|Any CPU = Debug|Any CPU
		Release|Any CPU = Release|Any CPU
	EndGlobalSection
	GlobalSection(ProjectConfigurationPlatforms) = postSolution
		{6DE71AC9-48EA-4260-A9C7-C02A06EBBE83}.Debug|Any CPU.ActiveCfg = Debug|Any CPU
		{6DE71AC9-48EA-4260-A9C7-C02A06EBBE83}.Debug|Any CPU.Build.0 = Debug|Any CPU
		{6DE71AC9-48EA-4260-A9C7-C02A06EBBE83}.Release|Any CPU.ActiveCfg = Release|Any CPU
		{6DE71AC9-48EA-4260-A9C7-C02A06EBBE83}.Release|Any CPU.Build.0 = Release|Any CPU
	EndGlobalSection
	GlobalSection(SolutionProperties) = preSolution
		HideSolutionNode = FALSE
	EndGlobalSection
	GlobalSection(ExtensibilityGlobals) = postSolution
		SolutionGuid = {92DF0969-983F-4C4F-A2C3-3D7993788078}
	EndGlobalSection
EndGlobal
